
Microsoft Visual Studio Solution File, Format Version 12.00
# Visual Studio Version 16
VisualStudioVersion = 16.0.31624.102
MinimumVisualStudioVersion = 10.0.40219.1
Project("{FAE04EC0-301F-11D3-BF4B-00C04F79EFBC}") = "AppDeImportaçãoDeArquivo", "AppDeImportaçãoDeArquivo\AppDeImportaçãoDeArquivo.csproj", "{D68BD78C-F9AE-4FCF-B771-DED4B581311C}"
EndProject
Project("{2150E333-8FDC-42A3-9474-1A3956D46DE8}") = "src", "src", "{F6E3C521-0145-4A4E-87C9-E28FE9E614C3}"
EndProject
Project("{2150E333-8FDC-42A3-9474-1A3956D46DE8}") = "1-Aplication", "1-Aplication", "{A4B32A49-28A1-407C-A39A-B192783C8C69}"
EndProject
Global
	GlobalSection(SolutionConfigurationPlatforms) = preSolution
		Debug|Any CPU = Debug|Any CPU
		Release|Any CPU = Release|Any CPU
	EndGlobalSection
	GlobalSection(ProjectConfigurationPlatforms) = postSolution
		{D68BD78C-F9AE-4FCF-B771-DED4B581311C}.Debug|Any CPU.ActiveCfg = Debug|Any CPU
		{D68BD78C-F9AE-4FCF-B771-DED4B581311C}.Debug|Any CPU.Build.0 = Debug|Any CPU
		{D68BD78C-F9AE-4FCF-B771-DED4B581311C}.Release|Any CPU.ActiveCfg = Release|Any CPU
		{D68BD78C-F9AE-4FCF-B771-DED4B581311C}.Release|Any CPU.Build.0 = Release|Any CPU
	EndGlobalSection
	GlobalSection(SolutionProperties) = preSolution
		HideSolutionNode = FALSE
	EndGlobalSection
	GlobalSection(NestedProjects) = preSolution
		{D68BD78C-F9AE-4FCF-B771-DED4B581311C} = {A4B32A49-28A1-407C-A39A-B192783C8C69}
		{A4B32A49-28A1-407C-A39A-B192783C8C69} = {F6E3C521-0145-4A4E-87C9-E28FE9E614C3}
	EndGlobalSection
	GlobalSection(ExtensibilityGlobals) = postSolution
		SolutionGuid = {019750FE-5746-488A-B161-B6BA42E8F543}
	EndGlobalSection
EndGlobal
