
Microsoft Visual Studio Solution File, Format Version 12.00
# Visual Studio Version 16
VisualStudioVersion = 16.0.31624.102
MinimumVisualStudioVersion = 10.0.40219.1
Project("{9A19103F-16F7-4668-BE54-9A1E7A4F7556}") = "AppDeImportaçãoDeArquivo", "AppDeImportaçãoDeArquivo\AppDeImportaçãoDeArquivo.csproj", "{D68BD78C-F9AE-4FCF-B771-DED4B581311C}"
EndProject
Project("{2150E333-8FDC-42A3-9474-1A3956D46DE8}") = "src", "src", "{F6E3C521-0145-4A4E-87C9-E28FE9E614C3}"
EndProject
Project("{2150E333-8FDC-42A3-9474-1A3956D46DE8}") = "1-Aplication", "1-Aplication", "{A4B32A49-28A1-407C-A39A-B192783C8C69}"
EndProject
Project("{2150E333-8FDC-42A3-9474-1A3956D46DE8}") = "3-Service", "3-Service", "{61AD95D1-2900-439D-94C1-10470E1B8E08}"
EndProject
Project("{2150E333-8FDC-42A3-9474-1A3956D46DE8}") = "4-Infra", "4-Infra", "{3CC14AAF-07BB-4413-A203-8524C084CA02}"
EndProject
Project("{2150E333-8FDC-42A3-9474-1A3956D46DE8}") = "4.1 Data", "4.1 Data", "{1454A9A3-EB3E-4EA4-A24F-0E2443F0CA11}"
EndProject
Project("{2150E333-8FDC-42A3-9474-1A3956D46DE8}") = "2-Domain", "2-Domain", "{41FCD75D-1F01-4FE1-BCD5-57676782F0DF}"
EndProject
Project("{FAE04EC0-301F-11D3-BF4B-00C04F79EFBC}") = "ImportarArquivoXLS.Domain", "ImportarArquivoXLS.Domain\ImportarArquivoXLS.Domain.csproj", "{A29574B0-663C-4BCA-9F0A-9DDB73828B8E}"
EndProject
Project("{FAE04EC0-301F-11D3-BF4B-00C04F79EFBC}") = "ImportarArquivoXLS.Infra", "ImportarArquivoXLS.Infra\ImportarArquivoXLS.Infra.csproj", "{2171F4C3-7C5F-4BCD-A818-419AD8DD00F7}"
EndProject
Global
	GlobalSection(SolutionConfigurationPlatforms) = preSolution
		Debug|Any CPU = Debug|Any CPU
		Release|Any CPU = Release|Any CPU
	EndGlobalSection
	GlobalSection(ProjectConfigurationPlatforms) = postSolution
		{D68BD78C-F9AE-4FCF-B771-DED4B581311C}.Debug|Any CPU.ActiveCfg = Debug|Any CPU
		{D68BD78C-F9AE-4FCF-B771-DED4B581311C}.Debug|Any CPU.Build.0 = Debug|Any CPU
		{D68BD78C-F9AE-4FCF-B771-DED4B581311C}.Release|Any CPU.ActiveCfg = Release|Any CPU
		{D68BD78C-F9AE-4FCF-B771-DED4B581311C}.Release|Any CPU.Build.0 = Release|Any CPU
		{A29574B0-663C-4BCA-9F0A-9DDB73828B8E}.Debug|Any CPU.ActiveCfg = Debug|Any CPU
		{A29574B0-663C-4BCA-9F0A-9DDB73828B8E}.Debug|Any CPU.Build.0 = Debug|Any CPU
		{A29574B0-663C-4BCA-9F0A-9DDB73828B8E}.Release|Any CPU.ActiveCfg = Release|Any CPU
		{A29574B0-663C-4BCA-9F0A-9DDB73828B8E}.Release|Any CPU.Build.0 = Release|Any CPU
		{2171F4C3-7C5F-4BCD-A818-419AD8DD00F7}.Debug|Any CPU.ActiveCfg = Debug|Any CPU
		{2171F4C3-7C5F-4BCD-A818-419AD8DD00F7}.Debug|Any CPU.Build.0 = Debug|Any CPU
		{2171F4C3-7C5F-4BCD-A818-419AD8DD00F7}.Release|Any CPU.ActiveCfg = Release|Any CPU
		{2171F4C3-7C5F-4BCD-A818-419AD8DD00F7}.Release|Any CPU.Build.0 = Release|Any CPU
	EndGlobalSection
	GlobalSection(SolutionProperties) = preSolution
		HideSolutionNode = FALSE
	EndGlobalSection
	GlobalSection(NestedProjects) = preSolution
		{D68BD78C-F9AE-4FCF-B771-DED4B581311C} = {A4B32A49-28A1-407C-A39A-B192783C8C69}
		{A4B32A49-28A1-407C-A39A-B192783C8C69} = {F6E3C521-0145-4A4E-87C9-E28FE9E614C3}
		{61AD95D1-2900-439D-94C1-10470E1B8E08} = {F6E3C521-0145-4A4E-87C9-E28FE9E614C3}
		{3CC14AAF-07BB-4413-A203-8524C084CA02} = {F6E3C521-0145-4A4E-87C9-E28FE9E614C3}
		{1454A9A3-EB3E-4EA4-A24F-0E2443F0CA11} = {3CC14AAF-07BB-4413-A203-8524C084CA02}
		{41FCD75D-1F01-4FE1-BCD5-57676782F0DF} = {F6E3C521-0145-4A4E-87C9-E28FE9E614C3}
		{A29574B0-663C-4BCA-9F0A-9DDB73828B8E} = {41FCD75D-1F01-4FE1-BCD5-57676782F0DF}
		{2171F4C3-7C5F-4BCD-A818-419AD8DD00F7} = {1454A9A3-EB3E-4EA4-A24F-0E2443F0CA11}
	EndGlobalSection
	GlobalSection(ExtensibilityGlobals) = postSolution
		SolutionGuid = {019750FE-5746-488A-B161-B6BA42E8F543}
	EndGlobalSection
EndGlobal
